
Microsoft Visual Studio Solution File, Format Version 12.00
# Visual Studio Version 16
VisualStudioVersion = 25.0.1706.0
MinimumVisualStudioVersion = 10.0.40219.1
Project("{FAE04EC0-301F-11D3-BF4B-00C04F79EFBC}") = "Schemas", "Schemas\Schemas.csproj", "{B25FDA55-1F4B-419A-BA6E-6AB976F50753}"
EndProject
Project("{FAE04EC0-301F-11D3-BF4B-00C04F79EFBC}") = "Emojis", "Emojis\Emojis.csproj", "{D9704097-7621-4D63-BD9F-33828769CDDE}"
EndProject
Global
	GlobalSection(SolutionConfigurationPlatforms) = preSolution
		Debug|Any CPU = Debug|Any CPU
		Release|Any CPU = Release|Any CPU
	EndGlobalSection
	GlobalSection(ProjectConfigurationPlatforms) = postSolution
		{B25FDA55-1F4B-419A-BA6E-6AB976F50753}.Debug|Any CPU.ActiveCfg = Debug|Any CPU
		{B25FDA55-1F4B-419A-BA6E-6AB976F50753}.Debug|Any CPU.Build.0 = Debug|Any CPU
		{B25FDA55-1F4B-419A-BA6E-6AB976F50753}.Release|Any CPU.ActiveCfg = Release|Any CPU
		{B25FDA55-1F4B-419A-BA6E-6AB976F50753}.Release|Any CPU.Build.0 = Release|Any CPU
		{D9704097-7621-4D63-BD9F-33828769CDDE}.Debug|Any CPU.ActiveCfg = Debug|Any CPU
		{D9704097-7621-4D63-BD9F-33828769CDDE}.Debug|Any CPU.Build.0 = Debug|Any CPU
		{D9704097-7621-4D63-BD9F-33828769CDDE}.Release|Any CPU.ActiveCfg = Release|Any CPU
		{D9704097-7621-4D63-BD9F-33828769CDDE}.Release|Any CPU.Build.0 = Release|Any CPU
	EndGlobalSection
	GlobalSection(SolutionProperties) = preSolution
		HideSolutionNode = FALSE
	EndGlobalSection
	GlobalSection(ExtensibilityGlobals) = postSolution
		SolutionGuid = {01F9E3A7-9768-4DDF-8EF1-F9F64E4CF0F8}
	EndGlobalSection
EndGlobal
